// !$*UTF8*$!
{
	archiveVersion = 1;
	classes = {
	};
	objectVersion = 56;
	objects = {

/* Begin PBXBuildFile section */
		A10000000000000000000001 /* AppModels.swift in Sources */ = {isa = PBXBuildFile; fileRef = A10000000000000000000021 /* AppModels.swift */; };
		A10000000000000000000002 /* ContentView.swift in Sources */ = {isa = PBXBuildFile; fileRef = A10000000000000000000022 /* ContentView.swift */; };
		A10000000000000000000003 /* DocumentStore.swift in Sources */ = {isa = PBXBuildFile; fileRef = A10000000000000000000023 /* DocumentStore.swift */; };
		A10000000000000000000004 /* MarkdownEditorView.swift in Sources */ = {isa = PBXBuildFile; fileRef = A10000000000000000000024 /* MarkdownEditorView.swift */; };
		A10000000000000000000005 /* MarkdownImageExporter.swift in Sources */ = {isa = PBXBuildFile; fileRef = A10000000000000000000025 /* MarkdownImageExporter.swift */; };
		A10000000000000000000006 /* MarkdownPDFExporter.swift in Sources */ = {isa = PBXBuildFile; fileRef = A10000000000000000000026 /* MarkdownPDFExporter.swift */; };
		A10000000000000000000007 /* MarkdownPreviewView.swift in Sources */ = {isa = PBXBuildFile; fileRef = A10000000000000000000027 /* MarkdownPreviewView.swift */; };
		A10000000000000000000008 /* MarkdownRenderer.swift in Sources */ = {isa = PBXBuildFile; fileRef = A10000000000000000000028 /* MarkdownRenderer.swift */; };
		A10000000000000000000009 /* MarkdownSyntaxHighlighter.swift in Sources */ = {isa = PBXBuildFile; fileRef = A10000000000000000000029 /* MarkdownSyntaxHighlighter.swift */; };
		A1000000000000000000000A /* NativeMarkdownEditorApp.swift in Sources */ = {isa = PBXBuildFile; fileRef = A1000000000000000000002A /* NativeMarkdownEditorApp.swift */; };
		A1000000000000000000001C /* MarkdownBlockIndex.swift in Sources */ = {isa = PBXBuildFile; fileRef = A1000000000000000000003B /* MarkdownBlockIndex.swift */; };
		A1000000000000000000001D /* PerformanceDiagnostics.swift in Sources */ = {isa = PBXBuildFile; fileRef = A1000000000000000000003C /* PerformanceDiagnostics.swift */; };
		A1000000000000000000001E /* RegexCache.swift in Sources */ = {isa = PBXBuildFile; fileRef = A1000000000000000000003D /* RegexCache.swift */; };
		A1000000000000000000001F /* SourceLineIndex.swift in Sources */ = {isa = PBXBuildFile; fileRef = A1000000000000000000003E /* SourceLineIndex.swift */; };
		A1000000000000000000004A /* PieceTableTextBuffer.swift in Sources */ = {isa = PBXBuildFile; fileRef = A1000000000000000000004B /* PieceTableTextBuffer.swift */; };
		A1000000000000000000000B /* MarkdownEditorInputTests.swift in Sources */ = {isa = PBXBuildFile; fileRef = A1000000000000000000002B /* MarkdownEditorInputTests.swift */; };
		A1000000000000000000000C /* XCTest.framework in Frameworks */ = {isa = PBXBuildFile; fileRef = A1000000000000000000002C /* XCTest.framework */; };
		A1000000000000000000000F /* InfoPlist.strings in Resources */ = {isa = PBXBuildFile; fileRef = A1000000000000000000002E /* InfoPlist.strings */; };
		A1000000000000000000001A /* InfoPlist.strings in Resources */ = {isa = PBXBuildFile; fileRef = A1000000000000000000002F /* InfoPlist.strings */; };
		A1000000000000000000001B /* Assets.xcassets in Resources */ = {isa = PBXBuildFile; fileRef = A1000000000000000000003A /* Assets.xcassets */; };
/* End PBXBuildFile section */

/* Begin PBXContainerItemProxy section */
		A1000000000000000000000D /* PBXContainerItemProxy */ = {
			isa = PBXContainerItemProxy;
			containerPortal = A10000000000000000000010 /* Project object */;
			proxyType = 1;
			remoteGlobalIDString = A10000000000000000000031;
			remoteInfo = NativeMarkdownEditor;
		};
/* End PBXContainerItemProxy section */

/* Begin PBXFileReference section */
		A10000000000000000000020 /* NativeMarkdownEditor.app */ = {isa = PBXFileReference; explicitFileType = wrapper.application; includeInIndex = 0; path = NativeMarkdownEditor.app; sourceTree = BUILT_PRODUCTS_DIR; };
		A10000000000000000000021 /* AppModels.swift */ = {isa = PBXFileReference; lastKnownFileType = sourcecode.swift; path = AppModels.swift; sourceTree = "<group>"; };
		A10000000000000000000022 /* ContentView.swift */ = {isa = PBXFileReference; lastKnownFileType = sourcecode.swift; path = ContentView.swift; sourceTree = "<group>"; };
		A10000000000000000000023 /* DocumentStore.swift */ = {isa = PBXFileReference; lastKnownFileType = sourcecode.swift; path = DocumentStore.swift; sourceTree = "<group>"; };
		A10000000000000000000024 /* MarkdownEditorView.swift */ = {isa = PBXFileReference; lastKnownFileType = sourcecode.swift; path = MarkdownEditorView.swift; sourceTree = "<group>"; };
		A10000000000000000000025 /* MarkdownImageExporter.swift */ = {isa = PBXFileReference; lastKnownFileType = sourcecode.swift; path = MarkdownImageExporter.swift; sourceTree = "<group>"; };
		A10000000000000000000026 /* MarkdownPDFExporter.swift */ = {isa = PBXFileReference; lastKnownFileType = sourcecode.swift; path = MarkdownPDFExporter.swift; sourceTree = "<group>"; };
		A10000000000000000000027 /* MarkdownPreviewView.swift */ = {isa = PBXFileReference; lastKnownFileType = sourcecode.swift; path = MarkdownPreviewView.swift; sourceTree = "<group>"; };
		A10000000000000000000028 /* MarkdownRenderer.swift */ = {isa = PBXFileReference; lastKnownFileType = sourcecode.swift; path = MarkdownRenderer.swift; sourceTree = "<group>"; };
		A10000000000000000000029 /* MarkdownSyntaxHighlighter.swift */ = {isa = PBXFileReference; lastKnownFileType = sourcecode.swift; path = MarkdownSyntaxHighlighter.swift; sourceTree = "<group>"; };
		A1000000000000000000002A /* NativeMarkdownEditorApp.swift */ = {isa = PBXFileReference; lastKnownFileType = sourcecode.swift; path = NativeMarkdownEditorApp.swift; sourceTree = "<group>"; };
		A1000000000000000000003B /* MarkdownBlockIndex.swift */ = {isa = PBXFileReference; lastKnownFileType = sourcecode.swift; path = MarkdownBlockIndex.swift; sourceTree = "<group>"; };
		A1000000000000000000003C /* PerformanceDiagnostics.swift */ = {isa = PBXFileReference; lastKnownFileType = sourcecode.swift; path = PerformanceDiagnostics.swift; sourceTree = "<group>"; };
		A1000000000000000000003D /* RegexCache.swift */ = {isa = PBXFileReference; lastKnownFileType = sourcecode.swift; path = RegexCache.swift; sourceTree = "<group>"; };
		A1000000000000000000003E /* SourceLineIndex.swift */ = {isa = PBXFileReference; lastKnownFileType = sourcecode.swift; path = SourceLineIndex.swift; sourceTree = "<group>"; };
		A1000000000000000000004B /* PieceTableTextBuffer.swift */ = {isa = PBXFileReference; lastKnownFileType = sourcecode.swift; path = PieceTableTextBuffer.swift; sourceTree = "<group>"; };
		A1000000000000000000002B /* MarkdownEditorInputTests.swift */ = {isa = PBXFileReference; lastKnownFileType = sourcecode.swift; path = MarkdownEditorInputTests.swift; sourceTree = "<group>"; };
		A1000000000000000000002C /* XCTest.framework */ = {isa = PBXFileReference; lastKnownFileType = wrapper.framework; name = XCTest.framework; path = Platforms/MacOSX.platform/Developer/Library/Frameworks/XCTest.framework; sourceTree = DEVELOPER_DIR; };
		A1000000000000000000002D /* NativeMarkdownEditorTests.xctest */ = {isa = PBXFileReference; explicitFileType = wrapper.cfbundle; includeInIndex = 0; path = NativeMarkdownEditorTests.xctest; sourceTree = BUILT_PRODUCTS_DIR; };
		A1000000000000000000002E /* InfoPlist.strings */ = {isa = PBXFileReference; lastKnownFileType = text.plist.strings; name = InfoPlist.strings; path = "zh-Hans.lproj/InfoPlist.strings"; sourceTree = "<group>"; };
		A1000000000000000000002F /* InfoPlist.strings */ = {isa = PBXFileReference; lastKnownFileType = text.plist.strings; name = InfoPlist.strings; path = "en.lproj/InfoPlist.strings"; sourceTree = "<group>"; };
		A1000000000000000000003A /* Assets.xcassets */ = {isa = PBXFileReference; lastKnownFileType = folder.assetcatalog; path = Assets.xcassets; sourceTree = "<group>"; };
/* End PBXFileReference section */

/* Begin PBXFrameworksBuildPhase section */
		A10000000000000000000040 /* Frameworks */ = {
			isa = PBXFrameworksBuildPhase;
			buildActionMask = 2147483647;
			files = (
			);
			runOnlyForDeploymentPostprocessing = 0;
		};
		A10000000000000000000041 /* Frameworks */ = {
			isa = PBXFrameworksBuildPhase;
			buildActionMask = 2147483647;
			files = (
				A1000000000000000000000C /* XCTest.framework in Frameworks */,
			);
			runOnlyForDeploymentPostprocessing = 0;
		};
/* End PBXFrameworksBuildPhase section */

/* Begin PBXGroup section */
		A10000000000000000000050 = {
			isa = PBXGroup;
			children = (
				A10000000000000000000051 /* Sources */,
				A10000000000000000000055 /* Tests */,
				A10000000000000000000056 /* Frameworks */,
				A10000000000000000000057 /* Products */,
			);
			sourceTree = "<group>";
		};
		A10000000000000000000051 /* Sources */ = {
			isa = PBXGroup;
			children = (
				A10000000000000000000052 /* NativeMarkdownEditor */,
			);
			path = Sources;
			sourceTree = "<group>";
		};
		A10000000000000000000052 /* NativeMarkdownEditor */ = {
			isa = PBXGroup;
			children = (
				A10000000000000000000021 /* AppModels.swift */,
				A10000000000000000000022 /* ContentView.swift */,
				A10000000000000000000023 /* DocumentStore.swift */,
				A10000000000000000000024 /* MarkdownEditorView.swift */,
				A10000000000000000000025 /* MarkdownImageExporter.swift */,
				A10000000000000000000026 /* MarkdownPDFExporter.swift */,
				A10000000000000000000027 /* MarkdownPreviewView.swift */,
				A10000000000000000000028 /* MarkdownRenderer.swift */,
				A10000000000000000000029 /* MarkdownSyntaxHighlighter.swift */,
				A1000000000000000000003B /* MarkdownBlockIndex.swift */,
				A1000000000000000000003C /* PerformanceDiagnostics.swift */,
				A1000000000000000000004B /* PieceTableTextBuffer.swift */,
				A1000000000000000000003D /* RegexCache.swift */,
				A1000000000000000000003E /* SourceLineIndex.swift */,
				A1000000000000000000002A /* NativeMarkdownEditorApp.swift */,
				A1000000000000000000002E /* InfoPlist.strings */,
				A1000000000000000000002F /* InfoPlist.strings */,
				A1000000000000000000003A /* Assets.xcassets */,
			);
			path = NativeMarkdownEditor;
			sourceTree = "<group>";
		};
		A10000000000000000000055 /* Tests */ = {
			isa = PBXGroup;
			children = (
				A10000000000000000000058 /* NativeMarkdownEditorTests */,
			);
			path = Tests;
			sourceTree = "<group>";
		};
		A10000000000000000000058 /* NativeMarkdownEditorTests */ = {
			isa = PBXGroup;
			children = (
				A1000000000000000000002B /* MarkdownEditorInputTests.swift */,
			);
			path = NativeMarkdownEditorTests;
			sourceTree = "<group>";
		};
		A10000000000000000000056 /* Frameworks */ = {
			isa = PBXGroup;
			children = (
				A1000000000000000000002C /* XCTest.framework */,
			);
			name = Frameworks;
			sourceTree = "<group>";
		};
		A10000000000000000000057 /* Products */ = {
			isa = PBXGroup;
			children = (
				A10000000000000000000020 /* NativeMarkdownEditor.app */,
				A1000000000000000000002D /* NativeMarkdownEditorTests.xctest */,
			);
			name = Products;
			sourceTree = "<group>";
		};
/* End PBXGroup section */

/* Begin PBXNativeTarget section */
		A10000000000000000000031 /* NativeMarkdownEditor */ = {
			isa = PBXNativeTarget;
			buildConfigurationList = A10000000000000000000070 /* Build configuration list for PBXNativeTarget "NativeMarkdownEditor" */;
			buildPhases = (
				A10000000000000000000060 /* Sources */,
				A10000000000000000000040 /* Frameworks */,
				A10000000000000000000062 /* Resources */,
			);
			buildRules = (
			);
			dependencies = (
			);
			name = NativeMarkdownEditor;
			productName = NativeMarkdownEditor;
			productReference = A10000000000000000000020 /* NativeMarkdownEditor.app */;
			productType = "com.apple.product-type.application";
		};
		A10000000000000000000032 /* NativeMarkdownEditorTests */ = {
			isa = PBXNativeTarget;
			buildConfigurationList = A10000000000000000000080 /* Build configuration list for PBXNativeTarget "NativeMarkdownEditorTests" */;
			buildPhases = (
				A10000000000000000000061 /* Sources */,
				A10000000000000000000041 /* Frameworks */,
				A10000000000000000000063 /* Resources */,
			);
			buildRules = (
			);
			dependencies = (
				A1000000000000000000000E /* PBXTargetDependency */,
			);
			name = NativeMarkdownEditorTests;
			productName = NativeMarkdownEditorTests;
			productReference = A1000000000000000000002D /* NativeMarkdownEditorTests.xctest */;
			productType = "com.apple.product-type.bundle.unit-test";
		};
/* End PBXNativeTarget section */

/* Begin PBXProject section */
		A10000000000000000000010 /* Project object */ = {
			isa = PBXProject;
			attributes = {
				BuildIndependentTargetsInParallel = 1;
				LastSwiftUpdateCheck = 2650;
				LastUpgradeCheck = 2650;
				TargetAttributes = {
					A10000000000000000000031 = {
						CreatedOnToolsVersion = 26.5;
					};
					A10000000000000000000032 = {
						CreatedOnToolsVersion = 26.5;
						TestTargetID = A10000000000000000000031;
					};
				};
			};
			buildConfigurationList = A10000000000000000000090 /* Build configuration list for PBXProject "NativeMarkdownEditor" */;
			compatibilityVersion = "Xcode 14.0";
			developmentRegion = "zh-Hans";
			hasScannedForEncodings = 0;
			knownRegions = (
				"zh-Hans",
				en,
				Base,
			);
			mainGroup = A10000000000000000000050;
			productRefGroup = A10000000000000000000057 /* Products */;
			projectDirPath = "";
			projectRoot = "";
			targets = (
				A10000000000000000000031 /* NativeMarkdownEditor */,
				A10000000000000000000032 /* NativeMarkdownEditorTests */,
			);
		};
/* End PBXProject section */

/* Begin PBXResourcesBuildPhase section */
		A10000000000000000000062 /* Resources */ = {
			isa = PBXResourcesBuildPhase;
			buildActionMask = 2147483647;
			files = (
				A1000000000000000000001B /* Assets.xcassets in Resources */,
				A1000000000000000000000F /* InfoPlist.strings in Resources */,
				A1000000000000000000001A /* InfoPlist.strings in Resources */,
			);
			runOnlyForDeploymentPostprocessing = 0;
		};
		A10000000000000000000063 /* Resources */ = {
			isa = PBXResourcesBuildPhase;
			buildActionMask = 2147483647;
			files = (
			);
			runOnlyForDeploymentPostprocessing = 0;
		};
/* End PBXResourcesBuildPhase section */

/* Begin PBXSourcesBuildPhase section */
		A10000000000000000000060 /* Sources */ = {
			isa = PBXSourcesBuildPhase;
			buildActionMask = 2147483647;
			files = (
				A10000000000000000000001 /* AppModels.swift in Sources */,
				A10000000000000000000002 /* ContentView.swift in Sources */,
				A10000000000000000000003 /* DocumentStore.swift in Sources */,
				A10000000000000000000004 /* MarkdownEditorView.swift in Sources */,
				A10000000000000000000005 /* MarkdownImageExporter.swift in Sources */,
				A10000000000000000000006 /* MarkdownPDFExporter.swift in Sources */,
				A10000000000000000000007 /* MarkdownPreviewView.swift in Sources */,
				A10000000000000000000008 /* MarkdownRenderer.swift in Sources */,
				A10000000000000000000009 /* MarkdownSyntaxHighlighter.swift in Sources */,
				A1000000000000000000001C /* MarkdownBlockIndex.swift in Sources */,
				A1000000000000000000001D /* PerformanceDiagnostics.swift in Sources */,
				A1000000000000000000004A /* PieceTableTextBuffer.swift in Sources */,
				A1000000000000000000001E /* RegexCache.swift in Sources */,
				A1000000000000000000001F /* SourceLineIndex.swift in Sources */,
				A1000000000000000000000A /* NativeMarkdownEditorApp.swift in Sources */,
			);
			runOnlyForDeploymentPostprocessing = 0;
		};
		A10000000000000000000061 /* Sources */ = {
			isa = PBXSourcesBuildPhase;
			buildActionMask = 2147483647;
			files = (
				A1000000000000000000000B /* MarkdownEditorInputTests.swift in Sources */,
			);
			runOnlyForDeploymentPostprocessing = 0;
		};
/* End PBXSourcesBuildPhase section */

/* Begin PBXTargetDependency section */
		A1000000000000000000000E /* PBXTargetDependency */ = {
			isa = PBXTargetDependency;
			target = A10000000000000000000031 /* NativeMarkdownEditor */;
			targetProxy = A1000000000000000000000D /* PBXContainerItemProxy */;
		};
/* End PBXTargetDependency section */

/* Begin XCBuildConfiguration section */
		A10000000000000000000071 /* Debug */ = {
			isa = XCBuildConfiguration;
			buildSettings = {
				ASSETCATALOG_COMPILER_APPICON_NAME = AppIcon;
				CODE_SIGN_STYLE = Automatic;
				CURRENT_PROJECT_VERSION = 1;
				ENABLE_HARDENED_RUNTIME = YES;
				GENERATE_INFOPLIST_FILE = YES;
				INFOPLIST_KEY_CFBundleDevelopmentRegion = "zh-Hans";
				INFOPLIST_KEY_CFBundleDisplayName = "墨页 Dev";
				INFOPLIST_KEY_CFBundleLocalizations = (
					"zh-Hans",
					en,
				);
				INFOPLIST_KEY_CFBundleName = "墨页 Dev";
				INFOPLIST_KEY_LSApplicationCategoryType = "public.app-category.productivity";
				INFOPLIST_KEY_NSPrincipalClass = NSApplication;
				LD_RUNPATH_SEARCH_PATHS = (
					"$(inherited)",
					"@executable_path/../Frameworks",
				);
				MACOSX_DEPLOYMENT_TARGET = 13.0;
				MARKETING_VERSION = 0.1.0;
				PRODUCT_BUNDLE_IDENTIFIER = org.moyesource.moye.dev;
				PRODUCT_MODULE_NAME = NativeMarkdownEditor;
				PRODUCT_NAME = "Moye Dev";
				SDKROOT = macosx;
				SWIFT_VERSION = 5.0;
			};
			name = Debug;
		};
		A10000000000000000000072 /* Release */ = {
			isa = XCBuildConfiguration;
			buildSettings = {
				ASSETCATALOG_COMPILER_APPICON_NAME = AppIcon;
				CODE_SIGN_STYLE = Automatic;
				CURRENT_PROJECT_VERSION = 1;
				ENABLE_HARDENED_RUNTIME = YES;
				GENERATE_INFOPLIST_FILE = YES;
				INFOPLIST_KEY_CFBundleDevelopmentRegion = "zh-Hans";
				INFOPLIST_KEY_CFBundleDisplayName = "墨页";
				INFOPLIST_KEY_CFBundleLocalizations = (
					"zh-Hans",
					en,
				);
				INFOPLIST_KEY_CFBundleName = "墨页";
				INFOPLIST_KEY_LSApplicationCategoryType = "public.app-category.productivity";
				INFOPLIST_KEY_NSPrincipalClass = NSApplication;
				LD_RUNPATH_SEARCH_PATHS = (
					"$(inherited)",
					"@executable_path/../Frameworks",
				);
				MACOSX_DEPLOYMENT_TARGET = 13.0;
				MARKETING_VERSION = 0.1.0;
				PRODUCT_BUNDLE_IDENTIFIER = org.moyesource.moye;
				PRODUCT_NAME = "$(TARGET_NAME)";
				SDKROOT = macosx;
				SWIFT_VERSION = 5.0;
			};
			name = Release;
		};
		A10000000000000000000081 /* Debug */ = {
			isa = XCBuildConfiguration;
			buildSettings = {
				BUNDLE_LOADER = "$(TEST_HOST)";
				CODE_SIGN_STYLE = Automatic;
				CURRENT_PROJECT_VERSION = 1;
				GENERATE_INFOPLIST_FILE = YES;
				LD_RUNPATH_SEARCH_PATHS = (
					"$(inherited)",
					"@executable_path/../Frameworks",
					"@loader_path/../Frameworks",
				);
				MACOSX_DEPLOYMENT_TARGET = 13.0;
				MARKETING_VERSION = 0.1.0;
				PRODUCT_BUNDLE_IDENTIFIER = org.moyesource.moye.devTests;
				PRODUCT_NAME = "$(TARGET_NAME)";
				SDKROOT = macosx;
				SWIFT_VERSION = 5.0;
				TEST_HOST = "$(BUILT_PRODUCTS_DIR)/Moye Dev.app/Contents/MacOS/Moye Dev";
			};
			name = Debug;
		};
		A10000000000000000000082 /* Release */ = {
			isa = XCBuildConfiguration;
			buildSettings = {
				BUNDLE_LOADER = "$(TEST_HOST)";
				CODE_SIGN_STYLE = Automatic;
				CURRENT_PROJECT_VERSION = 1;
				GENERATE_INFOPLIST_FILE = YES;
				LD_RUNPATH_SEARCH_PATHS = (
					"$(inherited)",
					"@executable_path/../Frameworks",
					"@loader_path/../Frameworks",
				);
				MACOSX_DEPLOYMENT_TARGET = 13.0;
				MARKETING_VERSION = 0.1.0;
				PRODUCT_BUNDLE_IDENTIFIER = org.moyesource.moyeTests;
				PRODUCT_NAME = "$(TARGET_NAME)";
				SDKROOT = macosx;
				SWIFT_VERSION = 5.0;
				TEST_HOST = "$(BUILT_PRODUCTS_DIR)/NativeMarkdownEditor.app/Contents/MacOS/NativeMarkdownEditor";
			};
			name = Release;
		};
		A10000000000000000000091 /* Debug */ = {
			isa = XCBuildConfiguration;
			buildSettings = {
				ALWAYS_SEARCH_USER_PATHS = NO;
				CLANG_ANALYZER_NONNULL = YES;
				CLANG_ANALYZER_NUMBER_OBJECT_CONVERSION = YES_AGGRESSIVE;
				CLANG_CXX_LANGUAGE_STANDARD = "gnu++20";
				CLANG_ENABLE_MODULES = YES;
				CLANG_ENABLE_OBJC_ARC = YES;
				CLANG_ENABLE_OBJC_WEAK = YES;
				CLANG_WARN_BLOCK_CAPTURE_AUTORELEASING = YES;
				CLANG_WARN_BOOL_CONVERSION = YES;
				CLANG_WARN_COMMA = YES;
				CLANG_WARN_CONSTANT_CONVERSION = YES;
				CLANG_WARN_DEPRECATED_OBJC_IMPLEMENTATIONS = YES;
				CLANG_WARN_DIRECT_OBJC_ISA_USAGE = YES_ERROR;
				CLANG_WARN_DOCUMENTATION_COMMENTS = YES;
				CLANG_WARN_EMPTY_BODY = YES;
				CLANG_WARN_ENUM_CONVERSION = YES;
				CLANG_WARN_INFINITE_RECURSION = YES;
				CLANG_WARN_INT_CONVERSION = YES;
				CLANG_WARN_NON_LITERAL_NULL_CONVERSION = YES;
				CLANG_WARN_OBJC_IMPLICIT_RETAIN_SELF = YES;
				CLANG_WARN_OBJC_LITERAL_CONVERSION = YES;
				CLANG_WARN_OBJC_ROOT_CLASS = YES_ERROR;
				CLANG_WARN_QUOTED_INCLUDE_IN_FRAMEWORK_HEADER = YES;
				CLANG_WARN_RANGE_LOOP_ANALYSIS = YES;
				CLANG_WARN_STRICT_PROTOTYPES = YES;
				CLANG_WARN_SUSPICIOUS_MOVE = YES;
				CLANG_WARN_UNGUARDED_AVAILABILITY = YES_AGGRESSIVE;
				CLANG_WARN_UNREACHABLE_CODE = YES;
				CLANG_WARN__DUPLICATE_METHOD_MATCH = YES;
				COPY_PHASE_STRIP = NO;
				DEBUG_INFORMATION_FORMAT = dwarf;
				ENABLE_STRICT_OBJC_MSGSEND = YES;
				ENABLE_TESTABILITY = YES;
				GCC_C_LANGUAGE_STANDARD = gnu17;
				GCC_DYNAMIC_NO_PIC = NO;
				GCC_NO_COMMON_BLOCKS = YES;
				GCC_OPTIMIZATION_LEVEL = 0;
				GCC_PREPROCESSOR_DEFINITIONS = (
					"DEBUG=1",
					"$(inherited)",
				);
				GCC_WARN_64_TO_32_BIT_CONVERSION = YES;
				GCC_WARN_ABOUT_RETURN_TYPE = YES_ERROR;
				GCC_WARN_UNDECLARED_SELECTOR = YES;
				GCC_WARN_UNINITIALIZED_AUTOS = YES_AGGRESSIVE;
				GCC_WARN_UNUSED_FUNCTION = YES;
				GCC_WARN_UNUSED_VARIABLE = YES;
				MTL_ENABLE_DEBUG_INFO = INCLUDE_SOURCE;
				MTL_FAST_MATH = YES;
				ONLY_ACTIVE_ARCH = YES;
				SDKROOT = macosx;
				SWIFT_ACTIVE_COMPILATION_CONDITIONS = DEBUG;
				SWIFT_OPTIMIZATION_LEVEL = "-Onone";
			};
			name = Debug;
		};
		A10000000000000000000092 /* Release */ = {
			isa = XCBuildConfiguration;
			buildSettings = {
				ALWAYS_SEARCH_USER_PATHS = NO;
				CLANG_ANALYZER_NONNULL = YES;
				CLANG_ANALYZER_NUMBER_OBJECT_CONVERSION = YES_AGGRESSIVE;
				CLANG_CXX_LANGUAGE_STANDARD = "gnu++20";
				CLANG_ENABLE_MODULES = YES;
				CLANG_ENABLE_OBJC_ARC = YES;
				CLANG_ENABLE_OBJC_WEAK = YES;
				CLANG_WARN_BLOCK_CAPTURE_AUTORELEASING = YES;
				CLANG_WARN_BOOL_CONVERSION = YES;
				CLANG_WARN_COMMA = YES;
				CLANG_WARN_CONSTANT_CONVERSION = YES;
				CLANG_WARN_DEPRECATED_OBJC_IMPLEMENTATIONS = YES;
				CLANG_WARN_DIRECT_OBJC_ISA_USAGE = YES_ERROR;
				CLANG_WARN_DOCUMENTATION_COMMENTS = YES;
				CLANG_WARN_EMPTY_BODY = YES;
				CLANG_WARN_ENUM_CONVERSION = YES;
				CLANG_WARN_INFINITE_RECURSION = YES;
				CLANG_WARN_INT_CONVERSION = YES;
				CLANG_WARN_NON_LITERAL_NULL_CONVERSION = YES;
				CLANG_WARN_OBJC_IMPLICIT_RETAIN_SELF = YES;
				CLANG_WARN_OBJC_LITERAL_CONVERSION = YES;
				CLANG_WARN_OBJC_ROOT_CLASS = YES_ERROR;
				CLANG_WARN_QUOTED_INCLUDE_IN_FRAMEWORK_HEADER = YES;
				CLANG_WARN_RANGE_LOOP_ANALYSIS = YES;
				CLANG_WARN_STRICT_PROTOTYPES = YES;
				CLANG_WARN_SUSPICIOUS_MOVE = YES;
				CLANG_WARN_UNGUARDED_AVAILABILITY = YES_AGGRESSIVE;
				CLANG_WARN_UNREACHABLE_CODE = YES;
				CLANG_WARN__DUPLICATE_METHOD_MATCH = YES;
				COPY_PHASE_STRIP = NO;
				DEBUG_INFORMATION_FORMAT = "dwarf-with-dsym";
				ENABLE_NS_ASSERTIONS = NO;
				ENABLE_STRICT_OBJC_MSGSEND = YES;
				GCC_C_LANGUAGE_STANDARD = gnu17;
				GCC_NO_COMMON_BLOCKS = YES;
				GCC_WARN_64_TO_32_BIT_CONVERSION = YES;
				GCC_WARN_ABOUT_RETURN_TYPE = YES_ERROR;
				GCC_WARN_UNDECLARED_SELECTOR = YES;
				GCC_WARN_UNINITIALIZED_AUTOS = YES_AGGRESSIVE;
				GCC_WARN_UNUSED_FUNCTION = YES;
				GCC_WARN_UNUSED_VARIABLE = YES;
				MTL_ENABLE_DEBUG_INFO = NO;
				MTL_FAST_MATH = YES;
				SDKROOT = macosx;
				SWIFT_COMPILATION_MODE = wholemodule;
				SWIFT_OPTIMIZATION_LEVEL = "-O";
			};
			name = Release;
		};
/* End XCBuildConfiguration section */

/* Begin XCConfigurationList section */
		A10000000000000000000070 /* Build configuration list for PBXNativeTarget "NativeMarkdownEditor" */ = {
			isa = XCConfigurationList;
			buildConfigurations = (
				A10000000000000000000071 /* Debug */,
				A10000000000000000000072 /* Release */,
			);
			defaultConfigurationIsVisible = 0;
			defaultConfigurationName = Debug;
		};
		A10000000000000000000080 /* Build configuration list for PBXNativeTarget "NativeMarkdownEditorTests" */ = {
			isa = XCConfigurationList;
			buildConfigurations = (
				A10000000000000000000081 /* Debug */,
				A10000000000000000000082 /* Release */,
			);
			defaultConfigurationIsVisible = 0;
			defaultConfigurationName = Debug;
		};
		A10000000000000000000090 /* Build configuration list for PBXProject "NativeMarkdownEditor" */ = {
			isa = XCConfigurationList;
			buildConfigurations = (
				A10000000000000000000091 /* Debug */,
				A10000000000000000000092 /* Release */,
			);
			defaultConfigurationIsVisible = 0;
			defaultConfigurationName = Debug;
		};
/* End XCConfigurationList section */
	};
	rootObject = A10000000000000000000010 /* Project object */;
}
